
Microsoft Visual Studio Solution File, Format Version 11.00
# Visual Studio 2010
Project("{FAE04EC0-301F-11D3-BF4B-00C04F79EFBC}") = "Assembly-CSharp", "Assembly-CSharp.csproj", "{F6FBFDD8-5E3F-FA15-910C-E5605BE9E43F}"
EndProject
Global
	GlobalSection(SolutionConfigurationPlatforms) = preSolution
		Debug|Any CPU = Debug|Any CPU
		Release|Any CPU = Release|Any CPU
	EndGlobalSection
	GlobalSection(ProjectConfigurationPlatforms) = postSolution
		{F6FBFDD8-5E3F-FA15-910C-E5605BE9E43F}.Debug|Any CPU.ActiveCfg = Debug|Any CPU
		{F6FBFDD8-5E3F-FA15-910C-E5605BE9E43F}.Debug|Any CPU.Build.0 = Debug|Any CPU
		{F6FBFDD8-5E3F-FA15-910C-E5605BE9E43F}.Release|Any CPU.ActiveCfg = Release|Any CPU
		{F6FBFDD8-5E3F-FA15-910C-E5605BE9E43F}.Release|Any CPU.Build.0 = Release|Any CPU
	EndGlobalSection
	GlobalSection(SolutionProperties) = preSolution
		HideSolutionNode = FALSE
	EndGlobalSection
EndGlobal
